
Microsoft Visual Studio Solution File, Format Version 12.00
# Visual Studio 15
VisualStudioVersion = 15.0.26124.0
MinimumVisualStudioVersion = 15.0.26124.0
Project("{FAE04EC0-301F-11D3-BF4B-00C04F79EFBC}") = "QuickBuy.Dominio", "QuickBuy.Dominio\QuickBuy.Dominio.csproj", "{607AF33D-A45F-4C64-84B3-D6D8BAA86641}"
EndProject
Project("{FAE04EC0-301F-11D3-BF4B-00C04F79EFBC}") = "QuickBuy.Repositorio", "QuickBuy.Repositorio\QuickBuy.Repositorio.csproj", "{B41F7B3C-AB4F-4D14-9B71-6ED8E8F58AAF}"
EndProject
Project("{FAE04EC0-301F-11D3-BF4B-00C04F79EFBC}") = "QuickBuy.Web", "QuickBuy.Web\QuickBuy.Web.csproj", "{0498D6D2-6EC3-4DE3-84EB-A945A6C7E97F}"
EndProject
Global
	GlobalSection(SolutionConfigurationPlatforms) = preSolution
		Debug|Any CPU = Debug|Any CPU
		Debug|x64 = Debug|x64
		Debug|x86 = Debug|x86
		Release|Any CPU = Release|Any CPU
		Release|x64 = Release|x64
		Release|x86 = Release|x86
	EndGlobalSection
	GlobalSection(SolutionProperties) = preSolution
		HideSolutionNode = FALSE
	EndGlobalSection
	GlobalSection(ProjectConfigurationPlatforms) = postSolution
		{607AF33D-A45F-4C64-84B3-D6D8BAA86641}.Debug|Any CPU.ActiveCfg = Debug|Any CPU
		{607AF33D-A45F-4C64-84B3-D6D8BAA86641}.Debug|Any CPU.Build.0 = Debug|Any CPU
		{607AF33D-A45F-4C64-84B3-D6D8BAA86641}.Debug|x64.ActiveCfg = Debug|Any CPU
		{607AF33D-A45F-4C64-84B3-D6D8BAA86641}.Debug|x64.Build.0 = Debug|Any CPU
		{607AF33D-A45F-4C64-84B3-D6D8BAA86641}.Debug|x86.ActiveCfg = Debug|Any CPU
		{607AF33D-A45F-4C64-84B3-D6D8BAA86641}.Debug|x86.Build.0 = Debug|Any CPU
		{607AF33D-A45F-4C64-84B3-D6D8BAA86641}.Release|Any CPU.ActiveCfg = Release|Any CPU
		{607AF33D-A45F-4C64-84B3-D6D8BAA86641}.Release|Any CPU.Build.0 = Release|Any CPU
		{607AF33D-A45F-4C64-84B3-D6D8BAA86641}.Release|x64.ActiveCfg = Release|Any CPU
		{607AF33D-A45F-4C64-84B3-D6D8BAA86641}.Release|x64.Build.0 = Release|Any CPU
		{607AF33D-A45F-4C64-84B3-D6D8BAA86641}.Release|x86.ActiveCfg = Release|Any CPU
		{607AF33D-A45F-4C64-84B3-D6D8BAA86641}.Release|x86.Build.0 = Release|Any CPU
		{B41F7B3C-AB4F-4D14-9B71-6ED8E8F58AAF}.Debug|Any CPU.ActiveCfg = Debug|Any CPU
		{B41F7B3C-AB4F-4D14-9B71-6ED8E8F58AAF}.Debug|Any CPU.Build.0 = Debug|Any CPU
		{B41F7B3C-AB4F-4D14-9B71-6ED8E8F58AAF}.Debug|x64.ActiveCfg = Debug|Any CPU
		{B41F7B3C-AB4F-4D14-9B71-6ED8E8F58AAF}.Debug|x64.Build.0 = Debug|Any CPU
		{B41F7B3C-AB4F-4D14-9B71-6ED8E8F58AAF}.Debug|x86.ActiveCfg = Debug|Any CPU
		{B41F7B3C-AB4F-4D14-9B71-6ED8E8F58AAF}.Debug|x86.Build.0 = Debug|Any CPU
		{B41F7B3C-AB4F-4D14-9B71-6ED8E8F58AAF}.Release|Any CPU.ActiveCfg = Release|Any CPU
		{B41F7B3C-AB4F-4D14-9B71-6ED8E8F58AAF}.Release|Any CPU.Build.0 = Release|Any CPU
		{B41F7B3C-AB4F-4D14-9B71-6ED8E8F58AAF}.Release|x64.ActiveCfg = Release|Any CPU
		{B41F7B3C-AB4F-4D14-9B71-6ED8E8F58AAF}.Release|x64.Build.0 = Release|Any CPU
		{B41F7B3C-AB4F-4D14-9B71-6ED8E8F58AAF}.Release|x86.ActiveCfg = Release|Any CPU
		{B41F7B3C-AB4F-4D14-9B71-6ED8E8F58AAF}.Release|x86.Build.0 = Release|Any CPU
		{0498D6D2-6EC3-4DE3-84EB-A945A6C7E97F}.Debug|Any CPU.ActiveCfg = Debug|Any CPU
		{0498D6D2-6EC3-4DE3-84EB-A945A6C7E97F}.Debug|Any CPU.Build.0 = Debug|Any CPU
		{0498D6D2-6EC3-4DE3-84EB-A945A6C7E97F}.Debug|x64.ActiveCfg = Debug|Any CPU
		{0498D6D2-6EC3-4DE3-84EB-A945A6C7E97F}.Debug|x64.Build.0 = Debug|Any CPU
		{0498D6D2-6EC3-4DE3-84EB-A945A6C7E97F}.Debug|x86.ActiveCfg = Debug|Any CPU
		{0498D6D2-6EC3-4DE3-84EB-A945A6C7E97F}.Debug|x86.Build.0 = Debug|Any CPU
		{0498D6D2-6EC3-4DE3-84EB-A945A6C7E97F}.Release|Any CPU.ActiveCfg = Release|Any CPU
		{0498D6D2-6EC3-4DE3-84EB-A945A6C7E97F}.Release|Any CPU.Build.0 = Release|Any CPU
		{0498D6D2-6EC3-4DE3-84EB-A945A6C7E97F}.Release|x64.ActiveCfg = Release|Any CPU
		{0498D6D2-6EC3-4DE3-84EB-A945A6C7E97F}.Release|x64.Build.0 = Release|Any CPU
		{0498D6D2-6EC3-4DE3-84EB-A945A6C7E97F}.Release|x86.ActiveCfg = Release|Any CPU
		{0498D6D2-6EC3-4DE3-84EB-A945A6C7E97F}.Release|x86.Build.0 = Release|Any CPU
	EndGlobalSection
EndGlobal
